
Microsoft Visual Studio Solution File, Format Version 12.00
# Visual Studio Version 17
VisualStudioVersion = 17.2.32616.157
MinimumVisualStudioVersion = 10.0.40219.1
Project("{2150E333-8FDC-42A3-9474-1A3956D46DE8}") = "src", "src", "{5A9D75FB-1184-455B-AA65-7636E916A80E}"
EndProject
Project("{2150E333-8FDC-42A3-9474-1A3956D46DE8}") = "tests", "tests", "{39CEDCBC-A6AF-4FEC-A6EA-0F8CB7493660}"
EndProject
Project("{2150E333-8FDC-42A3-9474-1A3956D46DE8}") = "Services", "Services", "{B95FA83C-8214-4217-9AD8-D42B9D1CB4A1}"
EndProject
Project("{2150E333-8FDC-42A3-9474-1A3956D46DE8}") = "Services", "Services", "{8B4FD92C-37BC-4DAA-A28D-6F1B9022E31A}"
EndProject
Project("{FAE04EC0-301F-11D3-BF4B-00C04F79EFBC}") = "CRMSample.Services.Identity.API", "CRMSample.Services.Identity.API\CRMSample.Services.Identity.API.csproj", "{1195BDA8-B891-4FEF-9073-D35C04E4E6CC}"
EndProject
Project("{FAE04EC0-301F-11D3-BF4B-00C04F79EFBC}") = "CRMSample.Services.IdentityAPITests", "CRMSample.Services.IdentityAPITests\CRMSample.Services.IdentityAPITests.csproj", "{AF3571F8-FEA5-485E-902C-3D38EBC9218F}"
EndProject
Project("{2150E333-8FDC-42A3-9474-1A3956D46DE8}") = "Application", "Application", "{B7FCE6E9-F2FB-4DEF-B8E9-513E7ADD4B80}"
EndProject
Project("{FAE04EC0-301F-11D3-BF4B-00C04F79EFBC}") = "CRMSample.Application.Identity", "CRMSample.Application.Identity\CRMSample.Application.Identity.csproj", "{F4AE33EF-86CE-4066-90E1-FD1E28498B16}"
EndProject
Project("{2150E333-8FDC-42A3-9474-1A3956D46DE8}") = "Domain", "Domain", "{AE51D43E-544F-41A8-A7F1-E59DBDC22B0F}"
EndProject
Project("{FAE04EC0-301F-11D3-BF4B-00C04F79EFBC}") = "CRMSample.Domain.Identity", "CRMSample.Domain.Identity\CRMSample.Domain.Identity.csproj", "{FD296554-F70B-4EC3-8521-3C87B4F4DD89}"
EndProject
Project("{FAE04EC0-301F-11D3-BF4B-00C04F79EFBC}") = "CRMSample.Domain.Common", "CRMSample.Domain.Common\CRMSample.Domain.Common.csproj", "{BE83C655-3EB4-4EEB-A6C8-BC8E7CF6C302}"
EndProject
Project("{FAE04EC0-301F-11D3-BF4B-00C04F79EFBC}") = "CRMSample.Application.Common", "CRMSample.Application.Common\CRMSample.Application.Common.csproj", "{FD23DCBA-0E58-4031-BC2C-93D7212230DD}"
EndProject
Project("{2150E333-8FDC-42A3-9474-1A3956D46DE8}") = "Application", "Application", "{150FC077-6429-4FF0-8C38-61E7E8252618}"
EndProject
Project("{FAE04EC0-301F-11D3-BF4B-00C04F79EFBC}") = "CRMSample.Application.IdentityTests", "CRMSample.Application.IdentityTests\CRMSample.Application.IdentityTests.csproj", "{62295997-E242-42CA-AA59-F56E55F56C25}"
EndProject
Project("{2150E333-8FDC-42A3-9474-1A3956D46DE8}") = "Infrastructure", "Infrastructure", "{F21E925F-5C12-49FF-B551-2142FD8AFA4F}"
EndProject
Project("{FAE04EC0-301F-11D3-BF4B-00C04F79EFBC}") = "CRMSample.Infrastructure.Identity", "CRMSample.Infrastructure.Identity\CRMSample.Infrastructure.Identity.csproj", "{281CCC8B-D821-4AF5-82F9-61FD96C60C4E}"
EndProject
Global
	GlobalSection(SolutionConfigurationPlatforms) = preSolution
		Debug|Any CPU = Debug|Any CPU
		Release|Any CPU = Release|Any CPU
	EndGlobalSection
	GlobalSection(ProjectConfigurationPlatforms) = postSolution
		{1195BDA8-B891-4FEF-9073-D35C04E4E6CC}.Debug|Any CPU.ActiveCfg = Debug|Any CPU
		{1195BDA8-B891-4FEF-9073-D35C04E4E6CC}.Debug|Any CPU.Build.0 = Debug|Any CPU
		{1195BDA8-B891-4FEF-9073-D35C04E4E6CC}.Release|Any CPU.ActiveCfg = Release|Any CPU
		{1195BDA8-B891-4FEF-9073-D35C04E4E6CC}.Release|Any CPU.Build.0 = Release|Any CPU
		{AF3571F8-FEA5-485E-902C-3D38EBC9218F}.Debug|Any CPU.ActiveCfg = Debug|Any CPU
		{AF3571F8-FEA5-485E-902C-3D38EBC9218F}.Debug|Any CPU.Build.0 = Debug|Any CPU
		{AF3571F8-FEA5-485E-902C-3D38EBC9218F}.Release|Any CPU.ActiveCfg = Release|Any CPU
		{AF3571F8-FEA5-485E-902C-3D38EBC9218F}.Release|Any CPU.Build.0 = Release|Any CPU
		{F4AE33EF-86CE-4066-90E1-FD1E28498B16}.Debug|Any CPU.ActiveCfg = Debug|Any CPU
		{F4AE33EF-86CE-4066-90E1-FD1E28498B16}.Debug|Any CPU.Build.0 = Debug|Any CPU
		{F4AE33EF-86CE-4066-90E1-FD1E28498B16}.Release|Any CPU.ActiveCfg = Release|Any CPU
		{F4AE33EF-86CE-4066-90E1-FD1E28498B16}.Release|Any CPU.Build.0 = Release|Any CPU
		{FD296554-F70B-4EC3-8521-3C87B4F4DD89}.Debug|Any CPU.ActiveCfg = Debug|Any CPU
		{FD296554-F70B-4EC3-8521-3C87B4F4DD89}.Debug|Any CPU.Build.0 = Debug|Any CPU
		{FD296554-F70B-4EC3-8521-3C87B4F4DD89}.Release|Any CPU.ActiveCfg = Release|Any CPU
		{FD296554-F70B-4EC3-8521-3C87B4F4DD89}.Release|Any CPU.Build.0 = Release|Any CPU
		{BE83C655-3EB4-4EEB-A6C8-BC8E7CF6C302}.Debug|Any CPU.ActiveCfg = Debug|Any CPU
		{BE83C655-3EB4-4EEB-A6C8-BC8E7CF6C302}.Debug|Any CPU.Build.0 = Debug|Any CPU
		{BE83C655-3EB4-4EEB-A6C8-BC8E7CF6C302}.Release|Any CPU.ActiveCfg = Release|Any CPU
		{BE83C655-3EB4-4EEB-A6C8-BC8E7CF6C302}.Release|Any CPU.Build.0 = Release|Any CPU
		{FD23DCBA-0E58-4031-BC2C-93D7212230DD}.Debug|Any CPU.ActiveCfg = Debug|Any CPU
		{FD23DCBA-0E58-4031-BC2C-93D7212230DD}.Debug|Any CPU.Build.0 = Debug|Any CPU
		{FD23DCBA-0E58-4031-BC2C-93D7212230DD}.Release|Any CPU.ActiveCfg = Release|Any CPU
		{FD23DCBA-0E58-4031-BC2C-93D7212230DD}.Release|Any CPU.Build.0 = Release|Any CPU
		{62295997-E242-42CA-AA59-F56E55F56C25}.Debug|Any CPU.ActiveCfg = Debug|Any CPU
		{62295997-E242-42CA-AA59-F56E55F56C25}.Debug|Any CPU.Build.0 = Debug|Any CPU
		{62295997-E242-42CA-AA59-F56E55F56C25}.Release|Any CPU.ActiveCfg = Release|Any CPU
		{62295997-E242-42CA-AA59-F56E55F56C25}.Release|Any CPU.Build.0 = Release|Any CPU
		{281CCC8B-D821-4AF5-82F9-61FD96C60C4E}.Debug|Any CPU.ActiveCfg = Debug|Any CPU
		{281CCC8B-D821-4AF5-82F9-61FD96C60C4E}.Debug|Any CPU.Build.0 = Debug|Any CPU
		{281CCC8B-D821-4AF5-82F9-61FD96C60C4E}.Release|Any CPU.ActiveCfg = Release|Any CPU
		{281CCC8B-D821-4AF5-82F9-61FD96C60C4E}.Release|Any CPU.Build.0 = Release|Any CPU
	EndGlobalSection
	GlobalSection(SolutionProperties) = preSolution
		HideSolutionNode = FALSE
	EndGlobalSection
	GlobalSection(NestedProjects) = preSolution
		{B95FA83C-8214-4217-9AD8-D42B9D1CB4A1} = {5A9D75FB-1184-455B-AA65-7636E916A80E}
		{8B4FD92C-37BC-4DAA-A28D-6F1B9022E31A} = {39CEDCBC-A6AF-4FEC-A6EA-0F8CB7493660}
		{1195BDA8-B891-4FEF-9073-D35C04E4E6CC} = {B95FA83C-8214-4217-9AD8-D42B9D1CB4A1}
		{AF3571F8-FEA5-485E-902C-3D38EBC9218F} = {8B4FD92C-37BC-4DAA-A28D-6F1B9022E31A}
		{B7FCE6E9-F2FB-4DEF-B8E9-513E7ADD4B80} = {5A9D75FB-1184-455B-AA65-7636E916A80E}
		{F4AE33EF-86CE-4066-90E1-FD1E28498B16} = {B7FCE6E9-F2FB-4DEF-B8E9-513E7ADD4B80}
		{AE51D43E-544F-41A8-A7F1-E59DBDC22B0F} = {5A9D75FB-1184-455B-AA65-7636E916A80E}
		{FD296554-F70B-4EC3-8521-3C87B4F4DD89} = {AE51D43E-544F-41A8-A7F1-E59DBDC22B0F}
		{BE83C655-3EB4-4EEB-A6C8-BC8E7CF6C302} = {AE51D43E-544F-41A8-A7F1-E59DBDC22B0F}
		{FD23DCBA-0E58-4031-BC2C-93D7212230DD} = {B7FCE6E9-F2FB-4DEF-B8E9-513E7ADD4B80}
		{150FC077-6429-4FF0-8C38-61E7E8252618} = {39CEDCBC-A6AF-4FEC-A6EA-0F8CB7493660}
		{62295997-E242-42CA-AA59-F56E55F56C25} = {150FC077-6429-4FF0-8C38-61E7E8252618}
		{F21E925F-5C12-49FF-B551-2142FD8AFA4F} = {5A9D75FB-1184-455B-AA65-7636E916A80E}
		{281CCC8B-D821-4AF5-82F9-61FD96C60C4E} = {F21E925F-5C12-49FF-B551-2142FD8AFA4F}
	EndGlobalSection
	GlobalSection(ExtensibilityGlobals) = postSolution
		SolutionGuid = {B16C9C43-27F2-4D3F-B1CD-895537041877}
	EndGlobalSection
EndGlobal
